
Microsoft Visual Studio Solution File, Format Version 12.00
# Visual Studio Version 17
VisualStudioVersion = 17.13.35931.197 d17.13
MinimumVisualStudioVersion = 10.0.40219.1
Project("{FAE04EC0-301F-11D3-BF4B-00C04F79EFBC}") = "Mail_Manager", "Mail_Manager\Mail_Manager.csproj", "{829BFC44-98E8-4F4E-B4D1-4C3337C0AA59}"
EndProject
Global
	GlobalSection(SolutionConfigurationPlatforms) = preSolution
		Debug|Any CPU = Debug|Any CPU
		Release|Any CPU = Release|Any CPU
	EndGlobalSection
	GlobalSection(ProjectConfigurationPlatforms) = postSolution
		{829BFC44-98E8-4F4E-B4D1-4C3337C0AA59}.Debug|Any CPU.ActiveCfg = Debug|Any CPU
		{829BFC44-98E8-4F4E-B4D1-4C3337C0AA59}.Debug|Any CPU.Build.0 = Debug|Any CPU
		{829BFC44-98E8-4F4E-B4D1-4C3337C0AA59}.Release|Any CPU.ActiveCfg = Release|Any CPU
		{829BFC44-98E8-4F4E-B4D1-4C3337C0AA59}.Release|Any CPU.Build.0 = Release|Any CPU
	EndGlobalSection
	GlobalSection(SolutionProperties) = preSolution
		HideSolutionNode = FALSE
	EndGlobalSection
	GlobalSection(ExtensibilityGlobals) = postSolution
		SolutionGuid = {FE2CF216-FAD8-42C9-9E4D-3F908C81E645}
	EndGlobalSection
EndGlobal
